// !$*UTF8*$!
{
	archiveVersion = 1;
	classes = {
	};
	objectVersion = 55;
	objects = {

/* Begin PBXBuildFile section */
		319E6E03608965C0B55EA5DF /* Pods_LFP_project.framework in Frameworks */ = {isa = PBXBuildFile; fileRef = 33B5FB8A2F349E305E889699 /* Pods_LFP_project.framework */; };
		FA1883A02768D60B00ECF554 /* RegistrationViewController.swift in Sources */ = {isa = PBXBuildFile; fileRef = FA18839F2768D60B00ECF554 /* RegistrationViewController.swift */; };
		FA3D35292769F53F009DFCBF /* DarkBlueButton.swift in Sources */ = {isa = PBXBuildFile; fileRef = FA3D35282769F53F009DFCBF /* DarkBlueButton.swift */; };
		FA3D352B2769F8B1009DFCBF /* CustomTextField.swift in Sources */ = {isa = PBXBuildFile; fileRef = FA3D352A2769F8B1009DFCBF /* CustomTextField.swift */; };
		FAD70B0927705939002FCD61 /* TabBarControllers.swift in Sources */ = {isa = PBXBuildFile; fileRef = FAD70B0827705939002FCD61 /* TabBarControllers.swift */; };
		FAD70B0E27705AB4002FCD61 /* AllPartiesViewController.swift in Sources */ = {isa = PBXBuildFile; fileRef = FAD70B0D27705AB4002FCD61 /* AllPartiesViewController.swift */; };
		FAD70B1027705AC6002FCD61 /* AddPartyViewController.swift in Sources */ = {isa = PBXBuildFile; fileRef = FAD70B0F27705AC6002FCD61 /* AddPartyViewController.swift */; };
		FAD70B1227705AE7002FCD61 /* ProfileInfoViewController.swift in Sources */ = {isa = PBXBuildFile; fileRef = FAD70B1127705AE7002FCD61 /* ProfileInfoViewController.swift */; };
		FAD70B14277090DA002FCD61 /* Token.swift in Sources */ = {isa = PBXBuildFile; fileRef = FAD70B13277090DA002FCD61 /* Token.swift */; };
		FAD70B3E2771AA29002FCD61 /* DefaultsManager.swift in Sources */ = {isa = PBXBuildFile; fileRef = FAD70B3D2771AA29002FCD61 /* DefaultsManager.swift */; };
		FAD70B402771FC41002FCD61 /* AllPartiesModel.swift in Sources */ = {isa = PBXBuildFile; fileRef = FAD70B3F2771FC41002FCD61 /* AllPartiesModel.swift */; };
		FAD70B43277200E3002FCD61 /* AllPartiesViewCell.swift in Sources */ = {isa = PBXBuildFile; fileRef = FAD70B41277200E3002FCD61 /* AllPartiesViewCell.swift */; };
		FAD70B44277200E3002FCD61 /* AllPartiesViewCell.xib in Resources */ = {isa = PBXBuildFile; fileRef = FAD70B42277200E3002FCD61 /* AllPartiesViewCell.xib */; };
		FAD70B4627736EC7002FCD61 /* PartyInfoViewController.swift in Sources */ = {isa = PBXBuildFile; fileRef = FAD70B4527736EC7002FCD61 /* PartyInfoViewController.swift */; };
		FAD70B4B2774A3DE002FCD61 /* GameInfoViewController.swift in Sources */ = {isa = PBXBuildFile; fileRef = FAD70B4A2774A3DE002FCD61 /* GameInfoViewController.swift */; };
		FAD70B4D2774A3EF002FCD61 /* PlayersViewController.swift in Sources */ = {isa = PBXBuildFile; fileRef = FAD70B4C2774A3EF002FCD61 /* PlayersViewController.swift */; };
		FAD70B512774A643002FCD61 /* PlayersViewCell.swift in Sources */ = {isa = PBXBuildFile; fileRef = FAD70B4F2774A643002FCD61 /* PlayersViewCell.swift */; };
		FAD70B522774A643002FCD61 /* PlayersViewCell.xib in Resources */ = {isa = PBXBuildFile; fileRef = FAD70B502774A643002FCD61 /* PlayersViewCell.xib */; };
		FAD70B782779B8A5002FCD61 /* ID.swift in Sources */ = {isa = PBXBuildFile; fileRef = FAD70B772779B8A4002FCD61 /* ID.swift */; };
		FADACCF42767795B00DC77F1 /* AppDelegate.swift in Sources */ = {isa = PBXBuildFile; fileRef = FADACCF32767795B00DC77F1 /* AppDelegate.swift */; };
		FADACCFD2767795D00DC77F1 /* Assets.xcassets in Resources */ = {isa = PBXBuildFile; fileRef = FADACCFC2767795D00DC77F1 /* Assets.xcassets */; };
		FADACD002767795D00DC77F1 /* LaunchScreen.storyboard in Resources */ = {isa = PBXBuildFile; fileRef = FADACCFE2767795D00DC77F1 /* LaunchScreen.storyboard */; };
		FADACD0A27677CAE00DC77F1 /* LoginViewController.swift in Sources */ = {isa = PBXBuildFile; fileRef = FADACD0927677CAE00DC77F1 /* LoginViewController.swift */; };
/* End PBXBuildFile section */

/* Begin PBXFileReference section */
		33B5FB8A2F349E305E889699 /* Pods_LFP_project.framework */ = {isa = PBXFileReference; explicitFileType = wrapper.framework; includeInIndex = 0; path = Pods_LFP_project.framework; sourceTree = BUILT_PRODUCTS_DIR; };
		490CF065FE64923D46D92851 /* Pods-LFP-project.debug.xcconfig */ = {isa = PBXFileReference; includeInIndex = 1; lastKnownFileType = text.xcconfig; name = "Pods-LFP-project.debug.xcconfig"; path = "Target Support Files/Pods-LFP-project/Pods-LFP-project.debug.xcconfig"; sourceTree = "<group>"; };
		EA97132866A7B22AA494B031 /* Pods-LFP-project.release.xcconfig */ = {isa = PBXFileReference; includeInIndex = 1; lastKnownFileType = text.xcconfig; name = "Pods-LFP-project.release.xcconfig"; path = "Target Support Files/Pods-LFP-project/Pods-LFP-project.release.xcconfig"; sourceTree = "<group>"; };
		FA18839F2768D60B00ECF554 /* RegistrationViewController.swift */ = {isa = PBXFileReference; lastKnownFileType = sourcecode.swift; path = RegistrationViewController.swift; sourceTree = "<group>"; };
		FA3D35282769F53F009DFCBF /* DarkBlueButton.swift */ = {isa = PBXFileReference; lastKnownFileType = sourcecode.swift; path = DarkBlueButton.swift; sourceTree = "<group>"; };
		FA3D352A2769F8B1009DFCBF /* CustomTextField.swift */ = {isa = PBXFileReference; lastKnownFileType = sourcecode.swift; path = CustomTextField.swift; sourceTree = "<group>"; };
		FAD70B0827705939002FCD61 /* TabBarControllers.swift */ = {isa = PBXFileReference; lastKnownFileType = sourcecode.swift; path = TabBarControllers.swift; sourceTree = "<group>"; };
		FAD70B0D27705AB4002FCD61 /* AllPartiesViewController.swift */ = {isa = PBXFileReference; lastKnownFileType = sourcecode.swift; path = AllPartiesViewController.swift; sourceTree = "<group>"; };
		FAD70B0F27705AC6002FCD61 /* AddPartyViewController.swift */ = {isa = PBXFileReference; lastKnownFileType = sourcecode.swift; path = AddPartyViewController.swift; sourceTree = "<group>"; };
		FAD70B1127705AE7002FCD61 /* ProfileInfoViewController.swift */ = {isa = PBXFileReference; lastKnownFileType = sourcecode.swift; path = ProfileInfoViewController.swift; sourceTree = "<group>"; };
		FAD70B13277090DA002FCD61 /* Token.swift */ = {isa = PBXFileReference; lastKnownFileType = sourcecode.swift; path = Token.swift; sourceTree = "<group>"; };
		FAD70B3D2771AA29002FCD61 /* DefaultsManager.swift */ = {isa = PBXFileReference; lastKnownFileType = sourcecode.swift; path = DefaultsManager.swift; sourceTree = "<group>"; };
		FAD70B3F2771FC41002FCD61 /* AllPartiesModel.swift */ = {isa = PBXFileReference; lastKnownFileType = sourcecode.swift; path = AllPartiesModel.swift; sourceTree = "<group>"; };
		FAD70B41277200E3002FCD61 /* AllPartiesViewCell.swift */ = {isa = PBXFileReference; lastKnownFileType = sourcecode.swift; path = AllPartiesViewCell.swift; sourceTree = "<group>"; };
		FAD70B42277200E3002FCD61 /* AllPartiesViewCell.xib */ = {isa = PBXFileReference; lastKnownFileType = file.xib; path = AllPartiesViewCell.xib; sourceTree = "<group>"; };
		FAD70B4527736EC7002FCD61 /* PartyInfoViewController.swift */ = {isa = PBXFileReference; lastKnownFileType = sourcecode.swift; path = PartyInfoViewController.swift; sourceTree = "<group>"; };
		FAD70B4A2774A3DE002FCD61 /* GameInfoViewController.swift */ = {isa = PBXFileReference; lastKnownFileType = sourcecode.swift; path = GameInfoViewController.swift; sourceTree = "<group>"; };
		FAD70B4C2774A3EF002FCD61 /* PlayersViewController.swift */ = {isa = PBXFileReference; lastKnownFileType = sourcecode.swift; path = PlayersViewController.swift; sourceTree = "<group>"; };
		FAD70B4F2774A643002FCD61 /* PlayersViewCell.swift */ = {isa = PBXFileReference; lastKnownFileType = sourcecode.swift; path = PlayersViewCell.swift; sourceTree = "<group>"; };
		FAD70B502774A643002FCD61 /* PlayersViewCell.xib */ = {isa = PBXFileReference; lastKnownFileType = file.xib; path = PlayersViewCell.xib; sourceTree = "<group>"; };
		FAD70B772779B8A4002FCD61 /* ID.swift */ = {isa = PBXFileReference; lastKnownFileType = sourcecode.swift; path = ID.swift; sourceTree = "<group>"; };
		FADACCF02767795B00DC77F1 /* LFP-project.app */ = {isa = PBXFileReference; explicitFileType = wrapper.application; includeInIndex = 0; path = "LFP-project.app"; sourceTree = BUILT_PRODUCTS_DIR; };
		FADACCF32767795B00DC77F1 /* AppDelegate.swift */ = {isa = PBXFileReference; lastKnownFileType = sourcecode.swift; path = AppDelegate.swift; sourceTree = "<group>"; };
		FADACCFC2767795D00DC77F1 /* Assets.xcassets */ = {isa = PBXFileReference; lastKnownFileType = folder.assetcatalog; path = Assets.xcassets; sourceTree = "<group>"; };
		FADACCFF2767795D00DC77F1 /* Base */ = {isa = PBXFileReference; lastKnownFileType = file.storyboard; name = Base; path = Base.lproj/LaunchScreen.storyboard; sourceTree = "<group>"; };
		FADACD012767795D00DC77F1 /* Info.plist */ = {isa = PBXFileReference; lastKnownFileType = text.plist.xml; path = Info.plist; sourceTree = "<group>"; };
		FADACD0927677CAE00DC77F1 /* LoginViewController.swift */ = {isa = PBXFileReference; lastKnownFileType = sourcecode.swift; path = LoginViewController.swift; sourceTree = "<group>"; };
/* End PBXFileReference section */

/* Begin PBXFrameworksBuildPhase section */
		FADACCED2767795B00DC77F1 /* Frameworks */ = {
			isa = PBXFrameworksBuildPhase;
			buildActionMask = 2147483647;
			files = (
				319E6E03608965C0B55EA5DF /* Pods_LFP_project.framework in Frameworks */,
			);
			runOnlyForDeploymentPostprocessing = 0;
		};
/* End PBXFrameworksBuildPhase section */

/* Begin PBXGroup section */
		03D5A531E994C09B71DA0C4E /* Frameworks */ = {
			isa = PBXGroup;
			children = (
				33B5FB8A2F349E305E889699 /* Pods_LFP_project.framework */,
			);
			name = Frameworks;
			sourceTree = "<group>";
		};
		AE1FBFE50A6789557CBD9AA7 /* Pods */ = {
			isa = PBXGroup;
			children = (
				490CF065FE64923D46D92851 /* Pods-LFP-project.debug.xcconfig */,
				EA97132866A7B22AA494B031 /* Pods-LFP-project.release.xcconfig */,
			);
			path = Pods;
			sourceTree = "<group>";
		};
		FA3D35272769F529009DFCBF /* CustomUIObjects */ = {
			isa = PBXGroup;
			children = (
				FA3D35282769F53F009DFCBF /* DarkBlueButton.swift */,
				FA3D352A2769F8B1009DFCBF /* CustomTextField.swift */,
			);
			path = CustomUIObjects;
			sourceTree = "<group>";
		};
		FA3D3556276C766B009DFCBF /* ModelsForRespones */ = {
			isa = PBXGroup;
			children = (
				FAD70B13277090DA002FCD61 /* Token.swift */,
				FAD70B3F2771FC41002FCD61 /* AllPartiesModel.swift */,
			);
			path = ModelsForRespones;
			sourceTree = "<group>";
		};
		FA3D3559276C7DDF009DFCBF /* RegistrationViewController */ = {
			isa = PBXGroup;
			children = (
				FA18839F2768D60B00ECF554 /* RegistrationViewController.swift */,
			);
			path = RegistrationViewController;
			sourceTree = "<group>";
		};
		FAD70B0727705923002FCD61 /* TabBarControllers */ = {
			isa = PBXGroup;
			children = (
				FAD70B0827705939002FCD61 /* TabBarControllers.swift */,
				FAD70B0C27705943002FCD61 /* AllPartiesViewContoller+PartyInfoViewController */,
				FAD70B0B27705940002FCD61 /* AddPartyViewController */,
				FAD70B0A2770593D002FCD61 /* ProfileInfoViewController */,
			);
			path = TabBarControllers;
			sourceTree = "<group>";
		};
		FAD70B0A2770593D002FCD61 /* ProfileInfoViewController */ = {
			isa = PBXGroup;
			children = (
				FAD70B1127705AE7002FCD61 /* ProfileInfoViewController.swift */,
			);
			path = ProfileInfoViewController;
			sourceTree = "<group>";
		};
		FAD70B0B27705940002FCD61 /* AddPartyViewController */ = {
			isa = PBXGroup;
			children = (
				FAD70B0F27705AC6002FCD61 /* AddPartyViewController.swift */,
			);
			path = AddPartyViewController;
			sourceTree = "<group>";
		};
		FAD70B0C27705943002FCD61 /* AllPartiesViewContoller+PartyInfoViewController */ = {
			isa = PBXGroup;
			children = (
				FAD70B0D27705AB4002FCD61 /* AllPartiesViewController.swift */,
				FAD70B162770A5C3002FCD61 /* AllPartiesViewCell */,
				FAD70B47277464A7002FCD61 /* PartyInfoViewController */,
			);
			path = "AllPartiesViewContoller+PartyInfoViewController";
			sourceTree = "<group>";
		};
		FAD70B152770A05F002FCD61 /* DefaultsManager */ = {
			isa = PBXGroup;
			children = (
				FAD70B3D2771AA29002FCD61 /* DefaultsManager.swift */,
			);
			path = DefaultsManager;
			sourceTree = "<group>";
		};
		FAD70B162770A5C3002FCD61 /* AllPartiesViewCell */ = {
			isa = PBXGroup;
			children = (
				FAD70B41277200E3002FCD61 /* AllPartiesViewCell.swift */,
				FAD70B42277200E3002FCD61 /* AllPartiesViewCell.xib */,
			);
			path = AllPartiesViewCell;
			sourceTree = "<group>";
		};
		FAD70B47277464A7002FCD61 /* PartyInfoViewController */ = {
			isa = PBXGroup;
			children = (
				FAD70B4527736EC7002FCD61 /* PartyInfoViewController.swift */,
				FAD70B492774A3C4002FCD61 /* GameInfoVIewContoller */,
				FAD70B482774A3B1002FCD61 /* PlayersViewController */,
			);
			path = PartyInfoViewController;
			sourceTree = "<group>";
		};
		FAD70B482774A3B1002FCD61 /* PlayersViewController */ = {
			isa = PBXGroup;
			children = (
				FAD70B4E2774A625002FCD61 /* PlayersCell */,
				FAD70B4C2774A3EF002FCD61 /* PlayersViewController.swift */,
			);
			path = PlayersViewController;
			sourceTree = "<group>";
		};
		FAD70B492774A3C4002FCD61 /* GameInfoVIewContoller */ = {
			isa = PBXGroup;
			children = (
				FAD70B4A2774A3DE002FCD61 /* GameInfoViewController.swift */,
			);
			path = GameInfoVIewContoller;
			sourceTree = "<group>";
		};
		FAD70B4E2774A625002FCD61 /* PlayersCell */ = {
			isa = PBXGroup;
			children = (
				FAD70B4F2774A643002FCD61 /* PlayersViewCell.swift */,
				FAD70B502774A643002FCD61 /* PlayersViewCell.xib */,
			);
			path = PlayersCell;
			sourceTree = "<group>";
		};
		FAD70B762779B892002FCD61 /* Models */ = {
			isa = PBXGroup;
			children = (
				FAD70B772779B8A4002FCD61 /* ID.swift */,
			);
			path = Models;
			sourceTree = "<group>";
		};
		FADACCE72767795B00DC77F1 = {
			isa = PBXGroup;
			children = (
				FADACCF22767795B00DC77F1 /* LFP-project */,
				FADACCF12767795B00DC77F1 /* Products */,
				AE1FBFE50A6789557CBD9AA7 /* Pods */,
				03D5A531E994C09B71DA0C4E /* Frameworks */,
			);
			sourceTree = "<group>";
		};
		FADACCF12767795B00DC77F1 /* Products */ = {
			isa = PBXGroup;
			children = (
				FADACCF02767795B00DC77F1 /* LFP-project.app */,
			);
			name = Products;
			sourceTree = "<group>";
		};
		FADACCF22767795B00DC77F1 /* LFP-project */ = {
			isa = PBXGroup;
			children = (
				FADACD0727677C8400DC77F1 /* LoginAndRegistrationViewContollers */,
				FAD70B0727705923002FCD61 /* TabBarControllers */,
				FAD70B152770A05F002FCD61 /* DefaultsManager */,
				FA3D35272769F529009DFCBF /* CustomUIObjects */,
				FA3D3556276C766B009DFCBF /* ModelsForRespones */,
				FAD70B762779B892002FCD61 /* Models */,
				FADACCF32767795B00DC77F1 /* AppDelegate.swift */,
				FADACCFC2767795D00DC77F1 /* Assets.xcassets */,
				FADACCFE2767795D00DC77F1 /* LaunchScreen.storyboard */,
				FADACD012767795D00DC77F1 /* Info.plist */,
			);
			path = "LFP-project";
			sourceTree = "<group>";
		};
		FADACD0727677C8400DC77F1 /* LoginAndRegistrationViewContollers */ = {
			isa = PBXGroup;
			children = (
				FADACD0827677C9300DC77F1 /* LoginViewContoller */,
				FA3D3559276C7DDF009DFCBF /* RegistrationViewController */,
			);
			path = LoginAndRegistrationViewContollers;
			sourceTree = "<group>";
		};
		FADACD0827677C9300DC77F1 /* LoginViewContoller */ = {
			isa = PBXGroup;
			children = (
				FADACD0927677CAE00DC77F1 /* LoginViewController.swift */,
			);
			path = LoginViewContoller;
			sourceTree = "<group>";
		};
/* End PBXGroup section */

/* Begin PBXNativeTarget section */
		FADACCEF2767795B00DC77F1 /* LFP-project */ = {
			isa = PBXNativeTarget;
			buildConfigurationList = FADACD042767795D00DC77F1 /* Build configuration list for PBXNativeTarget "LFP-project" */;
			buildPhases = (
				A9609A17B7B5AD547F122BFE /* [CP] Check Pods Manifest.lock */,
				FADACCEC2767795B00DC77F1 /* Sources */,
				FADACCED2767795B00DC77F1 /* Frameworks */,
				FADACCEE2767795B00DC77F1 /* Resources */,
				050861A2C99A9308D0A4CC9C /* [CP] Embed Pods Frameworks */,
			);
			buildRules = (
			);
			dependencies = (
			);
			name = "LFP-project";
			productName = "LFP-project";
			productReference = FADACCF02767795B00DC77F1 /* LFP-project.app */;
			productType = "com.apple.product-type.application";
		};
/* End PBXNativeTarget section */

/* Begin PBXProject section */
		FADACCE82767795B00DC77F1 /* Project object */ = {
			isa = PBXProject;
			attributes = {
				BuildIndependentTargetsInParallel = 1;
				LastSwiftUpdateCheck = 1310;
				LastUpgradeCheck = 1310;
				TargetAttributes = {
					FADACCEF2767795B00DC77F1 = {
						CreatedOnToolsVersion = 13.1;
					};
				};
			};
			buildConfigurationList = FADACCEB2767795B00DC77F1 /* Build configuration list for PBXProject "LFP-project" */;
			compatibilityVersion = "Xcode 13.0";
			developmentRegion = en;
			hasScannedForEncodings = 0;
			knownRegions = (
				en,
				Base,
			);
			mainGroup = FADACCE72767795B00DC77F1;
			productRefGroup = FADACCF12767795B00DC77F1 /* Products */;
			projectDirPath = "";
			projectRoot = "";
			targets = (
				FADACCEF2767795B00DC77F1 /* LFP-project */,
			);
		};
/* End PBXProject section */

/* Begin PBXResourcesBuildPhase section */
		FADACCEE2767795B00DC77F1 /* Resources */ = {
			isa = PBXResourcesBuildPhase;
			buildActionMask = 2147483647;
			files = (
				FADACD002767795D00DC77F1 /* LaunchScreen.storyboard in Resources */,
				FAD70B44277200E3002FCD61 /* AllPartiesViewCell.xib in Resources */,
				FADACCFD2767795D00DC77F1 /* Assets.xcassets in Resources */,
				FAD70B522774A643002FCD61 /* PlayersViewCell.xib in Resources */,
			);
			runOnlyForDeploymentPostprocessing = 0;
		};
/* End PBXResourcesBuildPhase section */

/* Begin PBXShellScriptBuildPhase section */
		050861A2C99A9308D0A4CC9C /* [CP] Embed Pods Frameworks */ = {
			isa = PBXShellScriptBuildPhase;
			buildActionMask = 2147483647;
			files = (
			);
			inputFileListPaths = (
				"${PODS_ROOT}/Target Support Files/Pods-LFP-project/Pods-LFP-project-frameworks-${CONFIGURATION}-input-files.xcfilelist",
			);
			name = "[CP] Embed Pods Frameworks";
			outputFileListPaths = (
				"${PODS_ROOT}/Target Support Files/Pods-LFP-project/Pods-LFP-project-frameworks-${CONFIGURATION}-output-files.xcfilelist",
			);
			runOnlyForDeploymentPostprocessing = 0;
			shellPath = /bin/sh;
			shellScript = "\"${PODS_ROOT}/Target Support Files/Pods-LFP-project/Pods-LFP-project-frameworks.sh\"\n";
			showEnvVarsInLog = 0;
		};
		A9609A17B7B5AD547F122BFE /* [CP] Check Pods Manifest.lock */ = {
			isa = PBXShellScriptBuildPhase;
			buildActionMask = 2147483647;
			files = (
			);
			inputFileListPaths = (
			);
			inputPaths = (
				"${PODS_PODFILE_DIR_PATH}/Podfile.lock",
				"${PODS_ROOT}/Manifest.lock",
			);
			name = "[CP] Check Pods Manifest.lock";
			outputFileListPaths = (
			);
			outputPaths = (
				"$(DERIVED_FILE_DIR)/Pods-LFP-project-checkManifestLockResult.txt",
			);
			runOnlyForDeploymentPostprocessing = 0;
			shellPath = /bin/sh;
			shellScript = "diff \"${PODS_PODFILE_DIR_PATH}/Podfile.lock\" \"${PODS_ROOT}/Manifest.lock\" > /dev/null\nif [ $? != 0 ] ; then\n    # print error to STDERR\n    echo \"error: The sandbox is not in sync with the Podfile.lock. Run 'pod install' or update your CocoaPods installation.\" >&2\n    exit 1\nfi\n# This output is used by Xcode 'outputs' to avoid re-running this script phase.\necho \"SUCCESS\" > \"${SCRIPT_OUTPUT_FILE_0}\"\n";
			showEnvVarsInLog = 0;
		};
/* End PBXShellScriptBuildPhase section */

/* Begin PBXSourcesBuildPhase section */
		FADACCEC2767795B00DC77F1 /* Sources */ = {
			isa = PBXSourcesBuildPhase;
			buildActionMask = 2147483647;
			files = (
				FA3D35292769F53F009DFCBF /* DarkBlueButton.swift in Sources */,
				FADACD0A27677CAE00DC77F1 /* LoginViewController.swift in Sources */,
				FAD70B782779B8A5002FCD61 /* ID.swift in Sources */,
				FAD70B14277090DA002FCD61 /* Token.swift in Sources */,
				FA3D352B2769F8B1009DFCBF /* CustomTextField.swift in Sources */,
				FAD70B1027705AC6002FCD61 /* AddPartyViewController.swift in Sources */,
				FAD70B4D2774A3EF002FCD61 /* PlayersViewController.swift in Sources */,
				FAD70B3E2771AA29002FCD61 /* DefaultsManager.swift in Sources */,
				FAD70B43277200E3002FCD61 /* AllPartiesViewCell.swift in Sources */,
				FAD70B0927705939002FCD61 /* TabBarControllers.swift in Sources */,
				FA1883A02768D60B00ECF554 /* RegistrationViewController.swift in Sources */,
				FAD70B4B2774A3DE002FCD61 /* GameInfoViewController.swift in Sources */,
				FAD70B4627736EC7002FCD61 /* PartyInfoViewController.swift in Sources */,
				FADACCF42767795B00DC77F1 /* AppDelegate.swift in Sources */,
				FAD70B1227705AE7002FCD61 /* ProfileInfoViewController.swift in Sources */,
				FAD70B512774A643002FCD61 /* PlayersViewCell.swift in Sources */,
				FAD70B0E27705AB4002FCD61 /* AllPartiesViewController.swift in Sources */,
				FAD70B402771FC41002FCD61 /* AllPartiesModel.swift in Sources */,
			);
			runOnlyForDeploymentPostprocessing = 0;
		};
/* End PBXSourcesBuildPhase section */

/* Begin PBXVariantGroup section */
		FADACCFE2767795D00DC77F1 /* LaunchScreen.storyboard */ = {
			isa = PBXVariantGroup;
			children = (
				FADACCFF2767795D00DC77F1 /* Base */,
			);
			name = LaunchScreen.storyboard;
			sourceTree = "<group>";
		};
/* End PBXVariantGroup section */

/* Begin XCBuildConfiguration section */
		FADACD022767795D00DC77F1 /* Debug */ = {
			isa = XCBuildConfiguration;
			buildSettings = {
				ALWAYS_SEARCH_USER_PATHS = NO;
				CLANG_ANALYZER_NONNULL = YES;
				CLANG_ANALYZER_NUMBER_OBJECT_CONVERSION = YES_AGGRESSIVE;
				CLANG_CXX_LANGUAGE_STANDARD = "gnu++17";
				CLANG_CXX_LIBRARY = "libc++";
				CLANG_ENABLE_MODULES = YES;
				CLANG_ENABLE_OBJC_ARC = YES;
				CLANG_ENABLE_OBJC_WEAK = YES;
				CLANG_WARN_BLOCK_CAPTURE_AUTORELEASING = YES;
				CLANG_WARN_BOOL_CONVERSION = YES;
				CLANG_WARN_COMMA = YES;
				CLANG_WARN_CONSTANT_CONVERSION = YES;
				CLANG_WARN_DEPRECATED_OBJC_IMPLEMENTATIONS = YES;
				CLANG_WARN_DIRECT_OBJC_ISA_USAGE = YES_ERROR;
				CLANG_WARN_DOCUMENTATION_COMMENTS = YES;
				CLANG_WARN_EMPTY_BODY = YES;
				CLANG_WARN_ENUM_CONVERSION = YES;
				CLANG_WARN_INFINITE_RECURSION = YES;
				CLANG_WARN_INT_CONVERSION = YES;
				CLANG_WARN_NON_LITERAL_NULL_CONVERSION = YES;
				CLANG_WARN_OBJC_IMPLICIT_RETAIN_SELF = YES;
				CLANG_WARN_OBJC_LITERAL_CONVERSION = YES;
				CLANG_WARN_OBJC_ROOT_CLASS = YES_ERROR;
				CLANG_WARN_QUOTED_INCLUDE_IN_FRAMEWORK_HEADER = YES;
				CLANG_WARN_RANGE_LOOP_ANALYSIS = YES;
				CLANG_WARN_STRICT_PROTOTYPES = YES;
				CLANG_WARN_SUSPICIOUS_MOVE = YES;
				CLANG_WARN_UNGUARDED_AVAILABILITY = YES_AGGRESSIVE;
				CLANG_WARN_UNREACHABLE_CODE = YES;
				CLANG_WARN__DUPLICATE_METHOD_MATCH = YES;
				COPY_PHASE_STRIP = NO;
				DEBUG_INFORMATION_FORMAT = dwarf;
				ENABLE_STRICT_OBJC_MSGSEND = YES;
				ENABLE_TESTABILITY = YES;
				GCC_C_LANGUAGE_STANDARD = gnu11;
				GCC_DYNAMIC_NO_PIC = NO;
				GCC_NO_COMMON_BLOCKS = YES;
				GCC_OPTIMIZATION_LEVEL = 0;
				GCC_PREPROCESSOR_DEFINITIONS = (
					"DEBUG=1",
					"$(inherited)",
				);
				GCC_WARN_64_TO_32_BIT_CONVERSION = YES;
				GCC_WARN_ABOUT_RETURN_TYPE = YES_ERROR;
				GCC_WARN_UNDECLARED_SELECTOR = YES;
				GCC_WARN_UNINITIALIZED_AUTOS = YES_AGGRESSIVE;
				GCC_WARN_UNUSED_FUNCTION = YES;
				GCC_WARN_UNUSED_VARIABLE = YES;
				IPHONEOS_DEPLOYMENT_TARGET = 15.0;
				MTL_ENABLE_DEBUG_INFO = INCLUDE_SOURCE;
				MTL_FAST_MATH = YES;
				ONLY_ACTIVE_ARCH = YES;
				SDKROOT = iphoneos;
				SWIFT_ACTIVE_COMPILATION_CONDITIONS = DEBUG;
				SWIFT_OPTIMIZATION_LEVEL = "-Onone";
			};
			name = Debug;
		};
		FADACD032767795D00DC77F1 /* Release */ = {
			isa = XCBuildConfiguration;
			buildSettings = {
				ALWAYS_SEARCH_USER_PATHS = NO;
				CLANG_ANALYZER_NONNULL = YES;
				CLANG_ANALYZER_NUMBER_OBJECT_CONVERSION = YES_AGGRESSIVE;
				CLANG_CXX_LANGUAGE_STANDARD = "gnu++17";
				CLANG_CXX_LIBRARY = "libc++";
				CLANG_ENABLE_MODULES = YES;
				CLANG_ENABLE_OBJC_ARC = YES;
				CLANG_ENABLE_OBJC_WEAK = YES;
				CLANG_WARN_BLOCK_CAPTURE_AUTORELEASING = YES;
				CLANG_WARN_BOOL_CONVERSION = YES;
				CLANG_WARN_COMMA = YES;
				CLANG_WARN_CONSTANT_CONVERSION = YES;
				CLANG_WARN_DEPRECATED_OBJC_IMPLEMENTATIONS = YES;
				CLANG_WARN_DIRECT_OBJC_ISA_USAGE = YES_ERROR;
				CLANG_WARN_DOCUMENTATION_COMMENTS = YES;
				CLANG_WARN_EMPTY_BODY = YES;
				CLANG_WARN_ENUM_CONVERSION = YES;
				CLANG_WARN_INFINITE_RECURSION = YES;
				CLANG_WARN_INT_CONVERSION = YES;
				CLANG_WARN_NON_LITERAL_NULL_CONVERSION = YES;
				CLANG_WARN_OBJC_IMPLICIT_RETAIN_SELF = YES;
				CLANG_WARN_OBJC_LITERAL_CONVERSION = YES;
				CLANG_WARN_OBJC_ROOT_CLASS = YES_ERROR;
				CLANG_WARN_QUOTED_INCLUDE_IN_FRAMEWORK_HEADER = YES;
				CLANG_WARN_RANGE_LOOP_ANALYSIS = YES;
				CLANG_WARN_STRICT_PROTOTYPES = YES;
				CLANG_WARN_SUSPICIOUS_MOVE = YES;
				CLANG_WARN_UNGUARDED_AVAILABILITY = YES_AGGRESSIVE;
				CLANG_WARN_UNREACHABLE_CODE = YES;
				CLANG_WARN__DUPLICATE_METHOD_MATCH = YES;
				COPY_PHASE_STRIP = NO;
				DEBUG_INFORMATION_FORMAT = "dwarf-with-dsym";
				ENABLE_NS_ASSERTIONS = NO;
				ENABLE_STRICT_OBJC_MSGSEND = YES;
				GCC_C_LANGUAGE_STANDARD = gnu11;
				GCC_NO_COMMON_BLOCKS = YES;
				GCC_WARN_64_TO_32_BIT_CONVERSION = YES;
				GCC_WARN_ABOUT_RETURN_TYPE = YES_ERROR;
				GCC_WARN_UNDECLARED_SELECTOR = YES;
				GCC_WARN_UNINITIALIZED_AUTOS = YES_AGGRESSIVE;
				GCC_WARN_UNUSED_FUNCTION = YES;
				GCC_WARN_UNUSED_VARIABLE = YES;
				IPHONEOS_DEPLOYMENT_TARGET = 15.0;
				MTL_ENABLE_DEBUG_INFO = NO;
				MTL_FAST_MATH = YES;
				SDKROOT = iphoneos;
				SWIFT_COMPILATION_MODE = wholemodule;
				SWIFT_OPTIMIZATION_LEVEL = "-O";
				VALIDATE_PRODUCT = YES;
			};
			name = Release;
		};
		FADACD052767795D00DC77F1 /* Debug */ = {
			isa = XCBuildConfiguration;
			baseConfigurationReference = 490CF065FE64923D46D92851 /* Pods-LFP-project.debug.xcconfig */;
			buildSettings = {
				ASSETCATALOG_COMPILER_APPICON_NAME = AppIcon;
				ASSETCATALOG_COMPILER_GLOBAL_ACCENT_COLOR_NAME = AccentColor;
				CODE_SIGN_STYLE = Automatic;
				CURRENT_PROJECT_VERSION = 1;
				DEVELOPMENT_TEAM = 4L78X33RT3;
				GENERATE_INFOPLIST_FILE = YES;
				INFOPLIST_FILE = "LFP-project/Info.plist";
				INFOPLIST_KEY_UIApplicationSupportsIndirectInputEvents = YES;
				INFOPLIST_KEY_UILaunchStoryboardName = LaunchScreen;
				INFOPLIST_KEY_UISupportedInterfaceOrientations_iPad = "UIInterfaceOrientationPortrait UIInterfaceOrientationPortraitUpsideDown UIInterfaceOrientationLandscapeLeft UIInterfaceOrientationLandscapeRight";
				INFOPLIST_KEY_UISupportedInterfaceOrientations_iPhone = "UIInterfaceOrientationPortrait UIInterfaceOrientationLandscapeLeft UIInterfaceOrientationLandscapeRight";
				LD_RUNPATH_SEARCH_PATHS = (
					"$(inherited)",
					"@executable_path/Frameworks",
				);
				MARKETING_VERSION = 1.0;
				PRODUCT_BUNDLE_IDENTIFIER = "come.razeware.LFP-project";
				PRODUCT_NAME = "$(TARGET_NAME)";
				SWIFT_EMIT_LOC_STRINGS = YES;
				SWIFT_VERSION = 5.0;
				TARGETED_DEVICE_FAMILY = "1,2";
			};
			name = Debug;
		};
		FADACD062767795D00DC77F1 /* Release */ = {
			isa = XCBuildConfiguration;
			baseConfigurationReference = EA97132866A7B22AA494B031 /* Pods-LFP-project.release.xcconfig */;
			buildSettings = {
				ASSETCATALOG_COMPILER_APPICON_NAME = AppIcon;
				ASSETCATALOG_COMPILER_GLOBAL_ACCENT_COLOR_NAME = AccentColor;
				CODE_SIGN_STYLE = Automatic;
				CURRENT_PROJECT_VERSION = 1;
				DEVELOPMENT_TEAM = 4L78X33RT3;
				GENERATE_INFOPLIST_FILE = YES;
				INFOPLIST_FILE = "LFP-project/Info.plist";
				INFOPLIST_KEY_UIApplicationSupportsIndirectInputEvents = YES;
				INFOPLIST_KEY_UILaunchStoryboardName = LaunchScreen;
				INFOPLIST_KEY_UISupportedInterfaceOrientations_iPad = "UIInterfaceOrientationPortrait UIInterfaceOrientationPortraitUpsideDown UIInterfaceOrientationLandscapeLeft UIInterfaceOrientationLandscapeRight";
				INFOPLIST_KEY_UISupportedInterfaceOrientations_iPhone = "UIInterfaceOrientationPortrait UIInterfaceOrientationLandscapeLeft UIInterfaceOrientationLandscapeRight";
				LD_RUNPATH_SEARCH_PATHS = (
					"$(inherited)",
					"@executable_path/Frameworks",
				);
				MARKETING_VERSION = 1.0;
				PRODUCT_BUNDLE_IDENTIFIER = "come.razeware.LFP-project";
				PRODUCT_NAME = "$(TARGET_NAME)";
				SWIFT_EMIT_LOC_STRINGS = YES;
				SWIFT_VERSION = 5.0;
				TARGETED_DEVICE_FAMILY = "1,2";
			};
			name = Release;
		};
/* End XCBuildConfiguration section */

/* Begin XCConfigurationList section */
		FADACCEB2767795B00DC77F1 /* Build configuration list for PBXProject "LFP-project" */ = {
			isa = XCConfigurationList;
			buildConfigurations = (
				FADACD022767795D00DC77F1 /* Debug */,
				FADACD032767795D00DC77F1 /* Release */,
			);
			defaultConfigurationIsVisible = 0;
			defaultConfigurationName = Release;
		};
		FADACD042767795D00DC77F1 /* Build configuration list for PBXNativeTarget "LFP-project" */ = {
			isa = XCConfigurationList;
			buildConfigurations = (
				FADACD052767795D00DC77F1 /* Debug */,
				FADACD062767795D00DC77F1 /* Release */,
			);
			defaultConfigurationIsVisible = 0;
			defaultConfigurationName = Release;
		};
/* End XCConfigurationList section */
	};
	rootObject = FADACCE82767795B00DC77F1 /* Project object */;
}
